// !$*UTF8*$!
{
	archiveVersion = 1;
	classes = {
	};
	objectVersion = 56;
	objects = {

/* Begin PBXBuildFile section */
		8BCBF02A2ABCA07100AC3431 /* APIManager.swift in Sources */ = {isa = PBXBuildFile; fileRef = 8BCBF0292ABCA07100AC3431 /* APIManager.swift */; };
		8BCBF02C2ABCA12F00AC3431 /* APIProtocols.swift in Sources */ = {isa = PBXBuildFile; fileRef = 8BCBF02B2ABCA12F00AC3431 /* APIProtocols.swift */; };
		8BCBF02E2ABCA28300AC3431 /* APIError.swift in Sources */ = {isa = PBXBuildFile; fileRef = 8BCBF02D2ABCA28300AC3431 /* APIError.swift */; };
		8BCBF0302ABCA42000AC3431 /* SchoolListCellView.swift in Sources */ = {isa = PBXBuildFile; fileRef = 8BCBF02F2ABCA42000AC3431 /* SchoolListCellView.swift */; };
		8BCBF0382ABCAF9F00AC3431 /* NYCSchoolCodeChallengeTests.swift in Sources */ = {isa = PBXBuildFile; fileRef = 8BCBF0372ABCAF9F00AC3431 /* NYCSchoolCodeChallengeTests.swift */; };
		8BCBF03F2ABCAFB800AC3431 /* SchoolViewModelTests.swift in Sources */ = {isa = PBXBuildFile; fileRef = 8BCBF03E2ABCAFB800AC3431 /* SchoolViewModelTests.swift */; };
		8BCBF04E2ABCB37600AC3431 /* FakeAPIManager.swift in Sources */ = {isa = PBXBuildFile; fileRef = 8BCBF0432ABCB37600AC3431 /* FakeAPIManager.swift */; };
		8BCBF04F2ABCB37600AC3431 /* MockURLSession.swift in Sources */ = {isa = PBXBuildFile; fileRef = 8BCBF0442ABCB37600AC3431 /* MockURLSession.swift */; };
		8BCBF0502ABCB37600AC3431 /* FakeNetworkManager.swift in Sources */ = {isa = PBXBuildFile; fileRef = 8BCBF0452ABCB37600AC3431 /* FakeNetworkManager.swift */; };
		8BCBF0512ABCB37600AC3431 /* MockDecoder.swift in Sources */ = {isa = PBXBuildFile; fileRef = 8BCBF0462ABCB37600AC3431 /* MockDecoder.swift */; };
		8BCBF0522ABCB37600AC3431 /* InvalidResponse.json in Resources */ = {isa = PBXBuildFile; fileRef = 8BCBF0482ABCB37600AC3431 /* InvalidResponse.json */; };
		8BCBF0532ABCB37600AC3431 /* ValidSchoolInfoResponse.json in Resources */ = {isa = PBXBuildFile; fileRef = 8BCBF0492ABCB37600AC3431 /* ValidSchoolInfoResponse.json */; };
		8BCBF0542ABCB37600AC3431 /* ValidSatInfoResponse.json in Resources */ = {isa = PBXBuildFile; fileRef = 8BCBF04A2ABCB37600AC3431 /* ValidSatInfoResponse.json */; };
		8BCBF0552ABCB37600AC3431 /* APIManagerTests.swift in Sources */ = {isa = PBXBuildFile; fileRef = 8BCBF04C2ABCB37600AC3431 /* APIManagerTests.swift */; };
		E34782CC2ABC75B10004CE38 /* NYCSchoolCodeChallengeApp.swift in Sources */ = {isa = PBXBuildFile; fileRef = E34782CB2ABC75B10004CE38 /* NYCSchoolCodeChallengeApp.swift */; };
		E34782D02ABC75B30004CE38 /* Assets.xcassets in Resources */ = {isa = PBXBuildFile; fileRef = E34782CF2ABC75B30004CE38 /* Assets.xcassets */; };
		E34782D32ABC75B30004CE38 /* Preview Assets.xcassets in Resources */ = {isa = PBXBuildFile; fileRef = E34782D22ABC75B30004CE38 /* Preview Assets.xcassets */; };
		E34782DE2ABC76170004CE38 /* NYCSchoolModel.swift in Sources */ = {isa = PBXBuildFile; fileRef = E34782DD2ABC76170004CE38 /* NYCSchoolModel.swift */; };
		E34782E22ABC7CFC0004CE38 /* APIEndpoint.swift in Sources */ = {isa = PBXBuildFile; fileRef = E34782E12ABC7CFC0004CE38 /* APIEndpoint.swift */; };
		E34782E42ABC80850004CE38 /* NYCSchoolViewModel.swift in Sources */ = {isa = PBXBuildFile; fileRef = E34782E32ABC80850004CE38 /* NYCSchoolViewModel.swift */; };
		E34782E62ABC81B40004CE38 /* NYCSchoolView.swift in Sources */ = {isa = PBXBuildFile; fileRef = E34782E52ABC81B40004CE38 /* NYCSchoolView.swift */; };
		E34782EA2ABC97580004CE38 /* SATView.swift in Sources */ = {isa = PBXBuildFile; fileRef = E34782E92ABC97580004CE38 /* SATView.swift */; };
		E34782EC2ABC983F0004CE38 /* SATModel.swift in Sources */ = {isa = PBXBuildFile; fileRef = E34782EB2ABC983F0004CE38 /* SATModel.swift */; };
/* End PBXBuildFile section */

/* Begin PBXContainerItemProxy section */
		8BCBF0392ABCAF9F00AC3431 /* PBXContainerItemProxy */ = {
			isa = PBXContainerItemProxy;
			containerPortal = E34782C02ABC75B10004CE38 /* Project object */;
			proxyType = 1;
			remoteGlobalIDString = E34782C72ABC75B10004CE38;
			remoteInfo = NYCSchoolCodeChallenge;
		};
/* End PBXContainerItemProxy section */

/* Begin PBXFileReference section */
		8BCBF0292ABCA07100AC3431 /* APIManager.swift */ = {isa = PBXFileReference; lastKnownFileType = sourcecode.swift; path = APIManager.swift; sourceTree = "<group>"; };
		8BCBF02B2ABCA12F00AC3431 /* APIProtocols.swift */ = {isa = PBXFileReference; lastKnownFileType = sourcecode.swift; path = APIProtocols.swift; sourceTree = "<group>"; };
		8BCBF02D2ABCA28300AC3431 /* APIError.swift */ = {isa = PBXFileReference; lastKnownFileType = sourcecode.swift; path = APIError.swift; sourceTree = "<group>"; };
		8BCBF02F2ABCA42000AC3431 /* SchoolListCellView.swift */ = {isa = PBXFileReference; lastKnownFileType = sourcecode.swift; path = SchoolListCellView.swift; sourceTree = "<group>"; };
		8BCBF0352ABCAF9F00AC3431 /* NYCSchoolCodeChallengeTests.xctest */ = {isa = PBXFileReference; explicitFileType = wrapper.cfbundle; includeInIndex = 0; path = NYCSchoolCodeChallengeTests.xctest; sourceTree = BUILT_PRODUCTS_DIR; };
		8BCBF0372ABCAF9F00AC3431 /* NYCSchoolCodeChallengeTests.swift */ = {isa = PBXFileReference; lastKnownFileType = sourcecode.swift; path = NYCSchoolCodeChallengeTests.swift; sourceTree = "<group>"; };
		8BCBF03E2ABCAFB800AC3431 /* SchoolViewModelTests.swift */ = {isa = PBXFileReference; lastKnownFileType = sourcecode.swift; path = SchoolViewModelTests.swift; sourceTree = "<group>"; };
		8BCBF0432ABCB37600AC3431 /* FakeAPIManager.swift */ = {isa = PBXFileReference; fileEncoding = 4; lastKnownFileType = sourcecode.swift; path = FakeAPIManager.swift; sourceTree = "<group>"; };
		8BCBF0442ABCB37600AC3431 /* MockURLSession.swift */ = {isa = PBXFileReference; fileEncoding = 4; lastKnownFileType = sourcecode.swift; path = MockURLSession.swift; sourceTree = "<group>"; };
		8BCBF0452ABCB37600AC3431 /* FakeNetworkManager.swift */ = {isa = PBXFileReference; fileEncoding = 4; lastKnownFileType = sourcecode.swift; path = FakeNetworkManager.swift; sourceTree = "<group>"; };
		8BCBF0462ABCB37600AC3431 /* MockDecoder.swift */ = {isa = PBXFileReference; fileEncoding = 4; lastKnownFileType = sourcecode.swift; path = MockDecoder.swift; sourceTree = "<group>"; };
		8BCBF0482ABCB37600AC3431 /* InvalidResponse.json */ = {isa = PBXFileReference; fileEncoding = 4; lastKnownFileType = text.json; path = InvalidResponse.json; sourceTree = "<group>"; };
		8BCBF0492ABCB37600AC3431 /* ValidSchoolInfoResponse.json */ = {isa = PBXFileReference; fileEncoding = 4; lastKnownFileType = text.json; path = ValidSchoolInfoResponse.json; sourceTree = "<group>"; };
		8BCBF04A2ABCB37600AC3431 /* ValidSatInfoResponse.json */ = {isa = PBXFileReference; fileEncoding = 4; lastKnownFileType = text.json; path = ValidSatInfoResponse.json; sourceTree = "<group>"; };
		8BCBF04C2ABCB37600AC3431 /* APIManagerTests.swift */ = {isa = PBXFileReference; fileEncoding = 4; lastKnownFileType = sourcecode.swift; path = APIManagerTests.swift; sourceTree = "<group>"; };
		E34782C82ABC75B10004CE38 /* NYCSchoolCodeChallenge.app */ = {isa = PBXFileReference; explicitFileType = wrapper.application; includeInIndex = 0; path = NYCSchoolCodeChallenge.app; sourceTree = BUILT_PRODUCTS_DIR; };
		E34782CB2ABC75B10004CE38 /* NYCSchoolCodeChallengeApp.swift */ = {isa = PBXFileReference; lastKnownFileType = sourcecode.swift; path = NYCSchoolCodeChallengeApp.swift; sourceTree = "<group>"; };
		E34782CF2ABC75B30004CE38 /* Assets.xcassets */ = {isa = PBXFileReference; lastKnownFileType = folder.assetcatalog; path = Assets.xcassets; sourceTree = "<group>"; };
		E34782D22ABC75B30004CE38 /* Preview Assets.xcassets */ = {isa = PBXFileReference; lastKnownFileType = folder.assetcatalog; path = "Preview Assets.xcassets"; sourceTree = "<group>"; };
		E34782DD2ABC76170004CE38 /* NYCSchoolModel.swift */ = {isa = PBXFileReference; lastKnownFileType = sourcecode.swift; path = NYCSchoolModel.swift; sourceTree = "<group>"; };
		E34782E12ABC7CFC0004CE38 /* APIEndpoint.swift */ = {isa = PBXFileReference; lastKnownFileType = sourcecode.swift; path = APIEndpoint.swift; sourceTree = "<group>"; };
		E34782E32ABC80850004CE38 /* NYCSchoolViewModel.swift */ = {isa = PBXFileReference; lastKnownFileType = sourcecode.swift; path = NYCSchoolViewModel.swift; sourceTree = "<group>"; };
		E34782E52ABC81B40004CE38 /* NYCSchoolView.swift */ = {isa = PBXFileReference; lastKnownFileType = sourcecode.swift; path = NYCSchoolView.swift; sourceTree = "<group>"; };
		E34782E92ABC97580004CE38 /* SATView.swift */ = {isa = PBXFileReference; lastKnownFileType = sourcecode.swift; path = SATView.swift; sourceTree = "<group>"; };
		E34782EB2ABC983F0004CE38 /* SATModel.swift */ = {isa = PBXFileReference; lastKnownFileType = sourcecode.swift; path = SATModel.swift; sourceTree = "<group>"; };
/* End PBXFileReference section */

/* Begin PBXFrameworksBuildPhase section */
		8BCBF0322ABCAF9F00AC3431 /* Frameworks */ = {
			isa = PBXFrameworksBuildPhase;
			buildActionMask = 2147483647;
			files = (
			);
			runOnlyForDeploymentPostprocessing = 0;
		};
		E34782C52ABC75B10004CE38 /* Frameworks */ = {
			isa = PBXFrameworksBuildPhase;
			buildActionMask = 2147483647;
			files = (
			);
			runOnlyForDeploymentPostprocessing = 0;
		};
/* End PBXFrameworksBuildPhase section */

/* Begin PBXGroup section */
		8BCBF0362ABCAF9F00AC3431 /* NYCSchoolCodeChallengeTests */ = {
			isa = PBXGroup;
			children = (
				8BCBF04B2ABCB37600AC3431 /* Tests */,
				8BCBF0472ABCB37600AC3431 /* JSON */,
				8BCBF0422ABCB37600AC3431 /* TestManagers */,
				8BCBF0372ABCAF9F00AC3431 /* NYCSchoolCodeChallengeTests.swift */,
			);
			path = NYCSchoolCodeChallengeTests;
			sourceTree = "<group>";
		};
		8BCBF0422ABCB37600AC3431 /* TestManagers */ = {
			isa = PBXGroup;
			children = (
				8BCBF0452ABCB37600AC3431 /* FakeNetworkManager.swift */,
				8BCBF0432ABCB37600AC3431 /* FakeAPIManager.swift */,
				8BCBF0442ABCB37600AC3431 /* MockURLSession.swift */,
				8BCBF0462ABCB37600AC3431 /* MockDecoder.swift */,
			);
			path = TestManagers;
			sourceTree = "<group>";
		};
		8BCBF0472ABCB37600AC3431 /* JSON */ = {
			isa = PBXGroup;
			children = (
				8BCBF0482ABCB37600AC3431 /* InvalidResponse.json */,
				8BCBF0492ABCB37600AC3431 /* ValidSchoolInfoResponse.json */,
				8BCBF04A2ABCB37600AC3431 /* ValidSatInfoResponse.json */,
			);
			path = JSON;
			sourceTree = "<group>";
		};
		8BCBF04B2ABCB37600AC3431 /* Tests */ = {
			isa = PBXGroup;
			children = (
				8BCBF03E2ABCAFB800AC3431 /* SchoolViewModelTests.swift */,
				8BCBF04C2ABCB37600AC3431 /* APIManagerTests.swift */,
			);
			path = Tests;
			sourceTree = "<group>";
		};
		E34782BF2ABC75B10004CE38 = {
			isa = PBXGroup;
			children = (
				E34782DB2ABC75EC0004CE38 /* Model */,
				E34782D92ABC75D20004CE38 /* View */,
				E34782DA2ABC75E10004CE38 /* ViewModel */,
				E34782DC2ABC75F30004CE38 /* API */,
				E34782CA2ABC75B10004CE38 /* NYCSchoolCodeChallenge */,
				8BCBF0362ABCAF9F00AC3431 /* NYCSchoolCodeChallengeTests */,
				E34782C92ABC75B10004CE38 /* Products */,
			);
			sourceTree = "<group>";
		};
		E34782C92ABC75B10004CE38 /* Products */ = {
			isa = PBXGroup;
			children = (
				E34782C82ABC75B10004CE38 /* NYCSchoolCodeChallenge.app */,
				8BCBF0352ABCAF9F00AC3431 /* NYCSchoolCodeChallengeTests.xctest */,
			);
			name = Products;
			sourceTree = "<group>";
		};
		E34782CA2ABC75B10004CE38 /* NYCSchoolCodeChallenge */ = {
			isa = PBXGroup;
			children = (
				E34782CB2ABC75B10004CE38 /* NYCSchoolCodeChallengeApp.swift */,
				E34782CF2ABC75B30004CE38 /* Assets.xcassets */,
				E34782D12ABC75B30004CE38 /* Preview Content */,
			);
			path = NYCSchoolCodeChallenge;
			sourceTree = "<group>";
		};
		E34782D12ABC75B30004CE38 /* Preview Content */ = {
			isa = PBXGroup;
			children = (
				E34782D22ABC75B30004CE38 /* Preview Assets.xcassets */,
			);
			path = "Preview Content";
			sourceTree = "<group>";
		};
		E34782D92ABC75D20004CE38 /* View */ = {
			isa = PBXGroup;
			children = (
				E34782E52ABC81B40004CE38 /* NYCSchoolView.swift */,
				8BCBF02F2ABCA42000AC3431 /* SchoolListCellView.swift */,
				E34782E92ABC97580004CE38 /* SATView.swift */,
			);
			path = View;
			sourceTree = "<group>";
		};
		E34782DA2ABC75E10004CE38 /* ViewModel */ = {
			isa = PBXGroup;
			children = (
				E34782E32ABC80850004CE38 /* NYCSchoolViewModel.swift */,
			);
			path = ViewModel;
			sourceTree = "<group>";
		};
		E34782DB2ABC75EC0004CE38 /* Model */ = {
			isa = PBXGroup;
			children = (
				E34782DD2ABC76170004CE38 /* NYCSchoolModel.swift */,
				E34782EB2ABC983F0004CE38 /* SATModel.swift */,
			);
			path = Model;
			sourceTree = "<group>";
		};
		E34782DC2ABC75F30004CE38 /* API */ = {
			isa = PBXGroup;
			children = (
				E34782E12ABC7CFC0004CE38 /* APIEndpoint.swift */,
				8BCBF0292ABCA07100AC3431 /* APIManager.swift */,
				8BCBF02B2ABCA12F00AC3431 /* APIProtocols.swift */,
				8BCBF02D2ABCA28300AC3431 /* APIError.swift */,
			);
			path = API;
			sourceTree = "<group>";
		};
/* End PBXGroup section */

/* Begin PBXNativeTarget section */
		8BCBF0342ABCAF9F00AC3431 /* NYCSchoolCodeChallengeTests */ = {
			isa = PBXNativeTarget;
			buildConfigurationList = 8BCBF03B2ABCAF9F00AC3431 /* Build configuration list for PBXNativeTarget "NYCSchoolCodeChallengeTests" */;
			buildPhases = (
				8BCBF0312ABCAF9F00AC3431 /* Sources */,
				8BCBF0322ABCAF9F00AC3431 /* Frameworks */,
				8BCBF0332ABCAF9F00AC3431 /* Resources */,
			);
			buildRules = (
			);
			dependencies = (
				8BCBF03A2ABCAF9F00AC3431 /* PBXTargetDependency */,
			);
			name = NYCSchoolCodeChallengeTests;
			productName = NYCSchoolCodeChallengeTests;
			productReference = 8BCBF0352ABCAF9F00AC3431 /* NYCSchoolCodeChallengeTests.xctest */;
			productType = "com.apple.product-type.bundle.unit-test";
		};
		E34782C72ABC75B10004CE38 /* NYCSchoolCodeChallenge */ = {
			isa = PBXNativeTarget;
			buildConfigurationList = E34782D62ABC75B30004CE38 /* Build configuration list for PBXNativeTarget "NYCSchoolCodeChallenge" */;
			buildPhases = (
				E34782C42ABC75B10004CE38 /* Sources */,
				E34782C52ABC75B10004CE38 /* Frameworks */,
				E34782C62ABC75B10004CE38 /* Resources */,
			);
			buildRules = (
			);
			dependencies = (
			);
			name = NYCSchoolCodeChallenge;
			productName = NYCSchoolCodeChallenge;
			productReference = E34782C82ABC75B10004CE38 /* NYCSchoolCodeChallenge.app */;
			productType = "com.apple.product-type.application";
		};
/* End PBXNativeTarget section */

/* Begin PBXProject section */
		E34782C02ABC75B10004CE38 /* Project object */ = {
			isa = PBXProject;
			attributes = {
				BuildIndependentTargetsInParallel = 1;
				LastSwiftUpdateCheck = 1500;
				LastUpgradeCheck = 1430;
				TargetAttributes = {
					8BCBF0342ABCAF9F00AC3431 = {
						CreatedOnToolsVersion = 15.0;
						TestTargetID = E34782C72ABC75B10004CE38;
					};
					E34782C72ABC75B10004CE38 = {
						CreatedOnToolsVersion = 14.3.1;
					};
				};
			};
			buildConfigurationList = E34782C32ABC75B10004CE38 /* Build configuration list for PBXProject "NYCSchoolCodeChallenge" */;
			compatibilityVersion = "Xcode 14.0";
			developmentRegion = en;
			hasScannedForEncodings = 0;
			knownRegions = (
				en,
				Base,
			);
			mainGroup = E34782BF2ABC75B10004CE38;
			productRefGroup = E34782C92ABC75B10004CE38 /* Products */;
			projectDirPath = "";
			projectRoot = "";
			targets = (
				E34782C72ABC75B10004CE38 /* NYCSchoolCodeChallenge */,
				8BCBF0342ABCAF9F00AC3431 /* NYCSchoolCodeChallengeTests */,
			);
		};
/* End PBXProject section */

/* Begin PBXResourcesBuildPhase section */
		8BCBF0332ABCAF9F00AC3431 /* Resources */ = {
			isa = PBXResourcesBuildPhase;
			buildActionMask = 2147483647;
			files = (
				8BCBF0542ABCB37600AC3431 /* ValidSatInfoResponse.json in Resources */,
				8BCBF0532ABCB37600AC3431 /* ValidSchoolInfoResponse.json in Resources */,
				8BCBF0522ABCB37600AC3431 /* InvalidResponse.json in Resources */,
			);
			runOnlyForDeploymentPostprocessing = 0;
		};
		E34782C62ABC75B10004CE38 /* Resources */ = {
			isa = PBXResourcesBuildPhase;
			buildActionMask = 2147483647;
			files = (
				E34782D32ABC75B30004CE38 /* Preview Assets.xcassets in Resources */,
				E34782D02ABC75B30004CE38 /* Assets.xcassets in Resources */,
			);
			runOnlyForDeploymentPostprocessing = 0;
		};
/* End PBXResourcesBuildPhase section */

/* Begin PBXSourcesBuildPhase section */
		8BCBF0312ABCAF9F00AC3431 /* Sources */ = {
			isa = PBXSourcesBuildPhase;
			buildActionMask = 2147483647;
			files = (
				8BCBF03F2ABCAFB800AC3431 /* SchoolViewModelTests.swift in Sources */,
				8BCBF04E2ABCB37600AC3431 /* FakeAPIManager.swift in Sources */,
				8BCBF04F2ABCB37600AC3431 /* MockURLSession.swift in Sources */,
				8BCBF0552ABCB37600AC3431 /* APIManagerTests.swift in Sources */,
				8BCBF0512ABCB37600AC3431 /* MockDecoder.swift in Sources */,
				8BCBF0382ABCAF9F00AC3431 /* NYCSchoolCodeChallengeTests.swift in Sources */,
				8BCBF0502ABCB37600AC3431 /* FakeNetworkManager.swift in Sources */,
			);
			runOnlyForDeploymentPostprocessing = 0;
		};
		E34782C42ABC75B10004CE38 /* Sources */ = {
			isa = PBXSourcesBuildPhase;
			buildActionMask = 2147483647;
			files = (
				8BCBF02A2ABCA07100AC3431 /* APIManager.swift in Sources */,
				E34782E62ABC81B40004CE38 /* NYCSchoolView.swift in Sources */,
				E34782DE2ABC76170004CE38 /* NYCSchoolModel.swift in Sources */,
				8BCBF02E2ABCA28300AC3431 /* APIError.swift in Sources */,
				8BCBF0302ABCA42000AC3431 /* SchoolListCellView.swift in Sources */,
				8BCBF02C2ABCA12F00AC3431 /* APIProtocols.swift in Sources */,
				E34782E42ABC80850004CE38 /* NYCSchoolViewModel.swift in Sources */,
				E34782E22ABC7CFC0004CE38 /* APIEndpoint.swift in Sources */,
				E34782EC2ABC983F0004CE38 /* SATModel.swift in Sources */,
				E34782CC2ABC75B10004CE38 /* NYCSchoolCodeChallengeApp.swift in Sources */,
				E34782EA2ABC97580004CE38 /* SATView.swift in Sources */,
			);
			runOnlyForDeploymentPostprocessing = 0;
		};
/* End PBXSourcesBuildPhase section */

/* Begin PBXTargetDependency section */
		8BCBF03A2ABCAF9F00AC3431 /* PBXTargetDependency */ = {
			isa = PBXTargetDependency;
			target = E34782C72ABC75B10004CE38 /* NYCSchoolCodeChallenge */;
			targetProxy = 8BCBF0392ABCAF9F00AC3431 /* PBXContainerItemProxy */;
		};
/* End PBXTargetDependency section */

/* Begin XCBuildConfiguration section */
		8BCBF03C2ABCAF9F00AC3431 /* Debug */ = {
			isa = XCBuildConfiguration;
			buildSettings = {
				ASSETCATALOG_COMPILER_GENERATE_SWIFT_ASSET_SYMBOL_EXTENSIONS = YES;
				BUNDLE_LOADER = "$(TEST_HOST)";
				CODE_SIGN_STYLE = Automatic;
				CURRENT_PROJECT_VERSION = 1;
				ENABLE_USER_SCRIPT_SANDBOXING = YES;
				GCC_C_LANGUAGE_STANDARD = gnu17;
				GENERATE_INFOPLIST_FILE = YES;
				IPHONEOS_DEPLOYMENT_TARGET = 17.0;
				LOCALIZATION_PREFERS_STRING_CATALOGS = YES;
				MARKETING_VERSION = 1.0;
				PRODUCT_BUNDLE_IDENTIFIER = com.MCS.Ke.NYCSchoolCodeChallengeTests;
				PRODUCT_NAME = "$(TARGET_NAME)";
				SWIFT_ACTIVE_COMPILATION_CONDITIONS = "DEBUG $(inherited)";
				SWIFT_EMIT_LOC_STRINGS = NO;
				SWIFT_VERSION = 5.0;
				TARGETED_DEVICE_FAMILY = "1,2";
				TEST_HOST = "$(BUILT_PRODUCTS_DIR)/NYCSchoolCodeChallenge.app/$(BUNDLE_EXECUTABLE_FOLDER_PATH)/NYCSchoolCodeChallenge";
			};
			name = Debug;
		};
		8BCBF03D2ABCAF9F00AC3431 /* Release */ = {
			isa = XCBuildConfiguration;
			buildSettings = {
				ASSETCATALOG_COMPILER_GENERATE_SWIFT_ASSET_SYMBOL_EXTENSIONS = YES;
				BUNDLE_LOADER = "$(TEST_HOST)";
				CODE_SIGN_STYLE = Automatic;
				CURRENT_PROJECT_VERSION = 1;
				ENABLE_USER_SCRIPT_SANDBOXING = YES;
				GCC_C_LANGUAGE_STANDARD = gnu17;
				GENERATE_INFOPLIST_FILE = YES;
				IPHONEOS_DEPLOYMENT_TARGET = 17.0;
				LOCALIZATION_PREFERS_STRING_CATALOGS = YES;
				MARKETING_VERSION = 1.0;
				PRODUCT_BUNDLE_IDENTIFIER = com.MCS.Ke.NYCSchoolCodeChallengeTests;
				PRODUCT_NAME = "$(TARGET_NAME)";
				SWIFT_EMIT_LOC_STRINGS = NO;
				SWIFT_VERSION = 5.0;
				TARGETED_DEVICE_FAMILY = "1,2";
				TEST_HOST = "$(BUILT_PRODUCTS_DIR)/NYCSchoolCodeChallenge.app/$(BUNDLE_EXECUTABLE_FOLDER_PATH)/NYCSchoolCodeChallenge";
			};
			name = Release;
		};
		E34782D42ABC75B30004CE38 /* Debug */ = {
			isa = XCBuildConfiguration;
			buildSettings = {
				ALWAYS_SEARCH_USER_PATHS = NO;
				CLANG_ANALYZER_NONNULL = YES;
				CLANG_ANALYZER_NUMBER_OBJECT_CONVERSION = YES_AGGRESSIVE;
				CLANG_CXX_LANGUAGE_STANDARD = "gnu++20";
				CLANG_ENABLE_MODULES = YES;
				CLANG_ENABLE_OBJC_ARC = YES;
				CLANG_ENABLE_OBJC_WEAK = YES;
				CLANG_WARN_BLOCK_CAPTURE_AUTORELEASING = YES;
				CLANG_WARN_BOOL_CONVERSION = YES;
				CLANG_WARN_COMMA = YES;
				CLANG_WARN_CONSTANT_CONVERSION = YES;
				CLANG_WARN_DEPRECATED_OBJC_IMPLEMENTATIONS = YES;
				CLANG_WARN_DIRECT_OBJC_ISA_USAGE = YES_ERROR;
				CLANG_WARN_DOCUMENTATION_COMMENTS = YES;
				CLANG_WARN_EMPTY_BODY = YES;
				CLANG_WARN_ENUM_CONVERSION = YES;
				CLANG_WARN_INFINITE_RECURSION = YES;
				CLANG_WARN_INT_CONVERSION = YES;
				CLANG_WARN_NON_LITERAL_NULL_CONVERSION = YES;
				CLANG_WARN_OBJC_IMPLICIT_RETAIN_SELF = YES;
				CLANG_WARN_OBJC_LITERAL_CONVERSION = YES;
				CLANG_WARN_OBJC_ROOT_CLASS = YES_ERROR;
				CLANG_WARN_QUOTED_INCLUDE_IN_FRAMEWORK_HEADER = YES;
				CLANG_WARN_RANGE_LOOP_ANALYSIS = YES;
				CLANG_WARN_STRICT_PROTOTYPES = YES;
				CLANG_WARN_SUSPICIOUS_MOVE = YES;
				CLANG_WARN_UNGUARDED_AVAILABILITY = YES_AGGRESSIVE;
				CLANG_WARN_UNREACHABLE_CODE = YES;
				CLANG_WARN__DUPLICATE_METHOD_MATCH = YES;
				COPY_PHASE_STRIP = NO;
				DEBUG_INFORMATION_FORMAT = dwarf;
				ENABLE_STRICT_OBJC_MSGSEND = YES;
				ENABLE_TESTABILITY = YES;
				GCC_C_LANGUAGE_STANDARD = gnu11;
				GCC_DYNAMIC_NO_PIC = NO;
				GCC_NO_COMMON_BLOCKS = YES;
				GCC_OPTIMIZATION_LEVEL = 0;
				GCC_PREPROCESSOR_DEFINITIONS = (
					"DEBUG=1",
					"$(inherited)",
				);
				GCC_WARN_64_TO_32_BIT_CONVERSION = YES;
				GCC_WARN_ABOUT_RETURN_TYPE = YES_ERROR;
				GCC_WARN_UNDECLARED_SELECTOR = YES;
				GCC_WARN_UNINITIALIZED_AUTOS = YES_AGGRESSIVE;
				GCC_WARN_UNUSED_FUNCTION = YES;
				GCC_WARN_UNUSED_VARIABLE = YES;
				IPHONEOS_DEPLOYMENT_TARGET = 16.4;
				MTL_ENABLE_DEBUG_INFO = INCLUDE_SOURCE;
				MTL_FAST_MATH = YES;
				ONLY_ACTIVE_ARCH = YES;
				SDKROOT = iphoneos;
				SWIFT_ACTIVE_COMPILATION_CONDITIONS = DEBUG;
				SWIFT_OPTIMIZATION_LEVEL = "-Onone";
			};
			name = Debug;
		};
		E34782D52ABC75B30004CE38 /* Release */ = {
			isa = XCBuildConfiguration;
			buildSettings = {
				ALWAYS_SEARCH_USER_PATHS = NO;
				CLANG_ANALYZER_NONNULL = YES;
				CLANG_ANALYZER_NUMBER_OBJECT_CONVERSION = YES_AGGRESSIVE;
				CLANG_CXX_LANGUAGE_STANDARD = "gnu++20";
				CLANG_ENABLE_MODULES = YES;
				CLANG_ENABLE_OBJC_ARC = YES;
				CLANG_ENABLE_OBJC_WEAK = YES;
				CLANG_WARN_BLOCK_CAPTURE_AUTORELEASING = YES;
				CLANG_WARN_BOOL_CONVERSION = YES;
				CLANG_WARN_COMMA = YES;
				CLANG_WARN_CONSTANT_CONVERSION = YES;
				CLANG_WARN_DEPRECATED_OBJC_IMPLEMENTATIONS = YES;
				CLANG_WARN_DIRECT_OBJC_ISA_USAGE = YES_ERROR;
				CLANG_WARN_DOCUMENTATION_COMMENTS = YES;
				CLANG_WARN_EMPTY_BODY = YES;
				CLANG_WARN_ENUM_CONVERSION = YES;
				CLANG_WARN_INFINITE_RECURSION = YES;
				CLANG_WARN_INT_CONVERSION = YES;
				CLANG_WARN_NON_LITERAL_NULL_CONVERSION = YES;
				CLANG_WARN_OBJC_IMPLICIT_RETAIN_SELF = YES;
				CLANG_WARN_OBJC_LITERAL_CONVERSION = YES;
				CLANG_WARN_OBJC_ROOT_CLASS = YES_ERROR;
				CLANG_WARN_QUOTED_INCLUDE_IN_FRAMEWORK_HEADER = YES;
				CLANG_WARN_RANGE_LOOP_ANALYSIS = YES;
				CLANG_WARN_STRICT_PROTOTYPES = YES;
				CLANG_WARN_SUSPICIOUS_MOVE = YES;
				CLANG_WARN_UNGUARDED_AVAILABILITY = YES_AGGRESSIVE;
				CLANG_WARN_UNREACHABLE_CODE = YES;
				CLANG_WARN__DUPLICATE_METHOD_MATCH = YES;
				COPY_PHASE_STRIP = NO;
				DEBUG_INFORMATION_FORMAT = "dwarf-with-dsym";
				ENABLE_NS_ASSERTIONS = NO;
				ENABLE_STRICT_OBJC_MSGSEND = YES;
				GCC_C_LANGUAGE_STANDARD = gnu11;
				GCC_NO_COMMON_BLOCKS = YES;
				GCC_WARN_64_TO_32_BIT_CONVERSION = YES;
				GCC_WARN_ABOUT_RETURN_TYPE = YES_ERROR;
				GCC_WARN_UNDECLARED_SELECTOR = YES;
				GCC_WARN_UNINITIALIZED_AUTOS = YES_AGGRESSIVE;
				GCC_WARN_UNUSED_FUNCTION = YES;
				GCC_WARN_UNUSED_VARIABLE = YES;
				IPHONEOS_DEPLOYMENT_TARGET = 16.4;
				MTL_ENABLE_DEBUG_INFO = NO;
				MTL_FAST_MATH = YES;
				SDKROOT = iphoneos;
				SWIFT_COMPILATION_MODE = wholemodule;
				SWIFT_OPTIMIZATION_LEVEL = "-O";
				VALIDATE_PRODUCT = YES;
			};
			name = Release;
		};
		E34782D72ABC75B30004CE38 /* Debug */ = {
			isa = XCBuildConfiguration;
			buildSettings = {
				ASSETCATALOG_COMPILER_APPICON_NAME = AppIcon;
				ASSETCATALOG_COMPILER_GLOBAL_ACCENT_COLOR_NAME = AccentColor;
				CODE_SIGN_STYLE = Automatic;
				CURRENT_PROJECT_VERSION = 1;
				DEVELOPMENT_ASSET_PATHS = "\"NYCSchoolCodeChallenge/Preview Content\"";
				ENABLE_PREVIEWS = YES;
				GENERATE_INFOPLIST_FILE = YES;
				INFOPLIST_KEY_UIApplicationSceneManifest_Generation = YES;
				INFOPLIST_KEY_UIApplicationSupportsIndirectInputEvents = YES;
				INFOPLIST_KEY_UILaunchScreen_Generation = YES;
				INFOPLIST_KEY_UISupportedInterfaceOrientations_iPad = "UIInterfaceOrientationPortrait UIInterfaceOrientationPortraitUpsideDown UIInterfaceOrientationLandscapeLeft UIInterfaceOrientationLandscapeRight";
				INFOPLIST_KEY_UISupportedInterfaceOrientations_iPhone = "UIInterfaceOrientationPortrait UIInterfaceOrientationLandscapeLeft UIInterfaceOrientationLandscapeRight";
				IPHONEOS_DEPLOYMENT_TARGET = 16.0;
				LD_RUNPATH_SEARCH_PATHS = (
					"$(inherited)",
					"@executable_path/Frameworks",
				);
				MARKETING_VERSION = 1.0;
				PRODUCT_BUNDLE_IDENTIFIER = com.MCS.Ke.NYCSchoolCodeChallenge;
				PRODUCT_NAME = "$(TARGET_NAME)";
				SWIFT_EMIT_LOC_STRINGS = YES;
				SWIFT_VERSION = 5.0;
				TARGETED_DEVICE_FAMILY = "1,2";
			};
			name = Debug;
		};
		E34782D82ABC75B30004CE38 /* Release */ = {
			isa = XCBuildConfiguration;
			buildSettings = {
				ASSETCATALOG_COMPILER_APPICON_NAME = AppIcon;
				ASSETCATALOG_COMPILER_GLOBAL_ACCENT_COLOR_NAME = AccentColor;
				CODE_SIGN_STYLE = Automatic;
				CURRENT_PROJECT_VERSION = 1;
				DEVELOPMENT_ASSET_PATHS = "\"NYCSchoolCodeChallenge/Preview Content\"";
				ENABLE_PREVIEWS = YES;
				GENERATE_INFOPLIST_FILE = YES;
				INFOPLIST_KEY_UIApplicationSceneManifest_Generation = YES;
				INFOPLIST_KEY_UIApplicationSupportsIndirectInputEvents = YES;
				INFOPLIST_KEY_UILaunchScreen_Generation = YES;
				INFOPLIST_KEY_UISupportedInterfaceOrientations_iPad = "UIInterfaceOrientationPortrait UIInterfaceOrientationPortraitUpsideDown UIInterfaceOrientationLandscapeLeft UIInterfaceOrientationLandscapeRight";
				INFOPLIST_KEY_UISupportedInterfaceOrientations_iPhone = "UIInterfaceOrientationPortrait UIInterfaceOrientationLandscapeLeft UIInterfaceOrientationLandscapeRight";
				IPHONEOS_DEPLOYMENT_TARGET = 16.0;
				LD_RUNPATH_SEARCH_PATHS = (
					"$(inherited)",
					"@executable_path/Frameworks",
				);
				MARKETING_VERSION = 1.0;
				PRODUCT_BUNDLE_IDENTIFIER = com.MCS.Ke.NYCSchoolCodeChallenge;
				PRODUCT_NAME = "$(TARGET_NAME)";
				SWIFT_EMIT_LOC_STRINGS = YES;
				SWIFT_VERSION = 5.0;
				TARGETED_DEVICE_FAMILY = "1,2";
			};
			name = Release;
		};
/* End XCBuildConfiguration section */

/* Begin XCConfigurationList section */
		8BCBF03B2ABCAF9F00AC3431 /* Build configuration list for PBXNativeTarget "NYCSchoolCodeChallengeTests" */ = {
			isa = XCConfigurationList;
			buildConfigurations = (
				8BCBF03C2ABCAF9F00AC3431 /* Debug */,
				8BCBF03D2ABCAF9F00AC3431 /* Release */,
			);
			defaultConfigurationIsVisible = 0;
			defaultConfigurationName = Release;
		};
		E34782C32ABC75B10004CE38 /* Build configuration list for PBXProject "NYCSchoolCodeChallenge" */ = {
			isa = XCConfigurationList;
			buildConfigurations = (
				E34782D42ABC75B30004CE38 /* Debug */,
				E34782D52ABC75B30004CE38 /* Release */,
			);
			defaultConfigurationIsVisible = 0;
			defaultConfigurationName = Release;
		};
		E34782D62ABC75B30004CE38 /* Build configuration list for PBXNativeTarget "NYCSchoolCodeChallenge" */ = {
			isa = XCConfigurationList;
			buildConfigurations = (
				E34782D72ABC75B30004CE38 /* Debug */,
				E34782D82ABC75B30004CE38 /* Release */,
			);
			defaultConfigurationIsVisible = 0;
			defaultConfigurationName = Release;
		};
/* End XCConfigurationList section */
	};
	rootObject = E34782C02ABC75B10004CE38 /* Project object */;
}
